Microsoft Visual Studio Solution File, Format Version 12.00
# Visual Studio Version 17
VisualStudioVersion = 17.5.2.0
MinimumVisualStudioVersion = 10.0.40219.1
Project("{FAE04EC0-301F-11D3-BF4B-00C04F79EFBC}") = "AsoftCenter", "AsoftCenter.csproj", "{0EDA8E5D-1C00-E176-BDC7-05B01608D2AE}"
EndProject
Global
	GlobalSection(SolutionConfigurationPlatforms) = preSolution
		Debug|Any CPU = Debug|Any CPU
		Release|Any CPU = Release|Any CPU
	EndGlobalSection
	GlobalSection(ProjectConfigurationPlatforms) = postSolution
		{0EDA8E5D-1C00-E176-BDC7-05B01608D2AE}.Debug|Any CPU.ActiveCfg = Debug|Any CPU
		{0EDA8E5D-1C00-E176-BDC7-05B01608D2AE}.Debug|Any CPU.Build.0 = Debug|Any CPU
		{0EDA8E5D-1C00-E176-BDC7-05B01608D2AE}.Release|Any CPU.ActiveCfg = Release|Any CPU
		{0EDA8E5D-1C00-E176-BDC7-05B01608D2AE}.Release|Any CPU.Build.0 = Release|Any CPU
	EndGlobalSection
	GlobalSection(SolutionProperties) = preSolution
		HideSolutionNode = FALSE
	EndGlobalSection
	GlobalSection(ExtensibilityGlobals) = postSolution
		SolutionGuid = {157FD536-06FC-4CC6-991B-84F4CFE7DADD}
	EndGlobalSection
EndGlobal
